# This file was autogenerated by Stack.
# You should not edit this file by hand.
# For more information, please see the documentation at:
#   https://docs.haskellstack.org/en/stable/topics/lock_files

packages:
- completed:
    hackage: jose-0.11@sha256:bb915151f3a824538f346f8cf307a2c4c29909cbb3f35cdb628c490aa6b0d331,3980
    pantry-tree:
      sha256: 2f9a0a656abe7a04069c7074fee094a7d113f265b3d43f0e9609c17def1a5990
      size: 2154
  original:
    hackage: jose-0.11
- completed:
    hackage: servant-auth-0.4.1.0@sha256:d0cb44a69d483ae8e777ca6eb195b9ca89f5550215777d39221883399989ac6d,2259
    pantry-tree:
      sha256: eea8d769928c0a4d0416ab2e0b43c60294e00a7ed42ff1095ba0b40bec9db35c
      size: 332
  original:
    hackage: servant-auth-0.4.1.0
- completed:
    hackage: servant-auth-server-0.4.9.1@sha256:611fe1f5b084f6d648732b57b692c541a03806f4a79d990bbd49ef5446c84958,5529
    pantry-tree:
      sha256: 95ab93f82b6ca3f729cf96a5e5b7bc714d3835703bc464ef339ebc12e3062449
      size: 1376
  original:
    hackage: servant-auth-server-0.4.9.1
- completed:
    hackage: lens-5.2.3@sha256:08f4e81aa3fa3f175f6932089d6bb8b17669e3d00aa2968b853287e5e8d7f024,15237
    pantry-tree:
      sha256: 73d156aed554ee493d74f43b605e0f2443f1da5ea6d9333a55b5666564fe3b8c
      size: 8351
  original:
    hackage: lens-5.2.3
snapshots:
- completed:
    sha256: 7e724f347d5969cb5e8dde9f9aae30996e3231c29d1dafd45f21f1700d4c4fcb
    size: 684460
    url: https://raw.githubusercontent.com/commercialhaskell/stackage-snapshots/master/lts/23/28.yaml
  original: lts-23.28
